// !$*UTF8*$!
{
	archiveVersion = 1;
	classes = {
	};
	objectVersion = 55;
	objects = {

/* Begin PBXBuildFile section */
		0D016BC228572B3D007BEED9 /* SanFranSymsApp.swift in Sources */ = {isa = PBXBuildFile; fileRef = 0D016BC128572B3D007BEED9 /* SanFranSymsApp.swift */; };
		0D016BC428572B3D007BEED9 /* SymbolsListView.swift in Sources */ = {isa = PBXBuildFile; fileRef = 0D016BC328572B3D007BEED9 /* SymbolsListView.swift */; };
		0D016BC628572B3F007BEED9 /* Assets.xcassets in Resources */ = {isa = PBXBuildFile; fileRef = 0D016BC528572B3F007BEED9 /* Assets.xcassets */; };
		0D016BC928572B3F007BEED9 /* Preview Assets.xcassets in Resources */ = {isa = PBXBuildFile; fileRef = 0D016BC828572B3F007BEED9 /* Preview Assets.xcassets */; };
		0D016BE62857BB5C007BEED9 /* StorageService.swift in Sources */ = {isa = PBXBuildFile; fileRef = 0D016BE52857BB5C007BEED9 /* StorageService.swift */; };
		0D016BE82858749E007BEED9 /* SymbolGridCell.swift in Sources */ = {isa = PBXBuildFile; fileRef = 0D016BE72858749E007BEED9 /* SymbolGridCell.swift */; };
		0D016BEA2858763F007BEED9 /* SymbolsCategoriesView.swift in Sources */ = {isa = PBXBuildFile; fileRef = 0D016BE92858763F007BEED9 /* SymbolsCategoriesView.swift */; };
		0D18FAE9285BA8C00044026D /* ShareSymbolView.swift in Sources */ = {isa = PBXBuildFile; fileRef = 0D18FAE8285BA8C00044026D /* ShareSymbolView.swift */; };
		0D95BD1C2A027A3100507471 /* DependencyBuilder.swift in Sources */ = {isa = PBXBuildFile; fileRef = 0D95BD1B2A027A3100507471 /* DependencyBuilder.swift */; };
		0DC3A37D29FFF41200AF5882 /* GoogleService-Info.plist in Resources */ = {isa = PBXBuildFile; fileRef = 0DC3A37C29FFF41200AF5882 /* GoogleService-Info.plist */; };
		0DC3A38429FFF62000AF5882 /* AppDelegate.swift in Sources */ = {isa = PBXBuildFile; fileRef = 0DC3A38329FFF62000AF5882 /* AppDelegate.swift */; };
		0DC3A38A2A01319A00AF5882 /* DataProvider.swift in Sources */ = {isa = PBXBuildFile; fileRef = 0DC3A3892A01319A00AF5882 /* DataProvider.swift */; };
		0DC3A38D2A0131DF00AF5882 /* SymbolsCategory.swift in Sources */ = {isa = PBXBuildFile; fileRef = 0DC3A38C2A0131DF00AF5882 /* SymbolsCategory.swift */; };
		0DC3A38F2A01321900AF5882 /* AppConfigProvider.swift in Sources */ = {isa = PBXBuildFile; fileRef = 0DC3A38E2A01321900AF5882 /* AppConfigProvider.swift */; };
		0DC3A3922A0135AE00AF5882 /* EnvironmentValues.swift in Sources */ = {isa = PBXBuildFile; fileRef = 0DC3A3912A0135AE00AF5882 /* EnvironmentValues.swift */; };
		0DDB91222858DE860029FCED /* SymbolDetailsView.swift in Sources */ = {isa = PBXBuildFile; fileRef = 0DDB91212858DE860029FCED /* SymbolDetailsView.swift */; };
		0DDB91242859E8480029FCED /* SymbolDetailsViewL.swift in Sources */ = {isa = PBXBuildFile; fileRef = 0DDB91232859E8480029FCED /* SymbolDetailsViewL.swift */; };
		0DDB9128285A18170029FCED /* SFSymbolsAll.json in Resources */ = {isa = PBXBuildFile; fileRef = 0DDB9127285A18170029FCED /* SFSymbolsAll.json */; };
		809C79332EAAD70A00CB489A /* SemanticSearchEngine.swift in Sources */ = {isa = PBXBuildFile; fileRef = 809C79322EAAD70A00CB489A /* SemanticSearchEngine.swift */; };
		80B158322E8B33E000863FBF /* FirebaseAnalytics in Frameworks */ = {isa = PBXBuildFile; productRef = 80B158312E8B33E000863FBF /* FirebaseAnalytics */; };
		80B158342E8B33E000863FBF /* FirebaseCrashlytics in Frameworks */ = {isa = PBXBuildFile; productRef = 80B158332E8B33E000863FBF /* FirebaseCrashlytics */; };
		80B158362E8B346400863FBF /* FirebaseRemoteConfig in Frameworks */ = {isa = PBXBuildFile; productRef = 80B158352E8B346400863FBF /* FirebaseRemoteConfig */; };
		80B1583A2E8BC93E00863FBF /* import.json in Resources */ = {isa = PBXBuildFile; fileRef = 80B158392E8BC93E00863FBF /* import.json */; };
		C845D0462885687A00ABB5DF /* SanFranSymsTests.swift in Sources */ = {isa = PBXBuildFile; fileRef = C845D0452885687A00ABB5DF /* SanFranSymsTests.swift */; };
		C845D0532885795300ABB5DF /* SanFranSymsUITests.swift in Sources */ = {isa = PBXBuildFile; fileRef = C845D0522885795300ABB5DF /* SanFranSymsUITests.swift */; };
		C845D0552885795400ABB5DF /* SanFranSymsUITestsLaunchTests.swift in Sources */ = {isa = PBXBuildFile; fileRef = C845D0542885795400ABB5DF /* SanFranSymsUITestsLaunchTests.swift */; };
/* End PBXBuildFile section */

/* Begin PBXContainerItemProxy section */
		C845D0472885687A00ABB5DF /* PBXContainerItemProxy */ = {
			isa = PBXContainerItemProxy;
			containerPortal = 0D016BB628572B3D007BEED9 /* Project object */;
			proxyType = 1;
			remoteGlobalIDString = 0D016BBD28572B3D007BEED9;
			remoteInfo = SanFranSyms;
		};
		C845D0562885795400ABB5DF /* PBXContainerItemProxy */ = {
			isa = PBXContainerItemProxy;
			containerPortal = 0D016BB628572B3D007BEED9 /* Project object */;
			proxyType = 1;
			remoteGlobalIDString = 0D016BBD28572B3D007BEED9;
			remoteInfo = SanFranSyms;
		};
/* End PBXContainerItemProxy section */

/* Begin PBXFileReference section */
		0D016BBE28572B3D007BEED9 /* SanFranSyms.app */ = {isa = PBXFileReference; explicitFileType = wrapper.application; includeInIndex = 0; path = SanFranSyms.app; sourceTree = BUILT_PRODUCTS_DIR; };
		0D016BC128572B3D007BEED9 /* SanFranSymsApp.swift */ = {isa = PBXFileReference; lastKnownFileType = sourcecode.swift; path = SanFranSymsApp.swift; sourceTree = "<group>"; };
		0D016BC328572B3D007BEED9 /* SymbolsListView.swift */ = {isa = PBXFileReference; lastKnownFileType = sourcecode.swift; path = SymbolsListView.swift; sourceTree = "<group>"; };
		0D016BC528572B3F007BEED9 /* Assets.xcassets */ = {isa = PBXFileReference; lastKnownFileType = folder.assetcatalog; path = Assets.xcassets; sourceTree = "<group>"; };
		0D016BC828572B3F007BEED9 /* Preview Assets.xcassets */ = {isa = PBXFileReference; lastKnownFileType = folder.assetcatalog; path = "Preview Assets.xcassets"; sourceTree = "<group>"; };
		0D016BE52857BB5C007BEED9 /* StorageService.swift */ = {isa = PBXFileReference; lastKnownFileType = sourcecode.swift; path = StorageService.swift; sourceTree = "<group>"; };
		0D016BE72858749E007BEED9 /* SymbolGridCell.swift */ = {isa = PBXFileReference; lastKnownFileType = sourcecode.swift; path = SymbolGridCell.swift; sourceTree = "<group>"; };
		0D016BE92858763F007BEED9 /* SymbolsCategoriesView.swift */ = {isa = PBXFileReference; lastKnownFileType = sourcecode.swift; path = SymbolsCategoriesView.swift; sourceTree = "<group>"; };
		0D18FAE8285BA8C00044026D /* ShareSymbolView.swift */ = {isa = PBXFileReference; lastKnownFileType = sourcecode.swift; path = ShareSymbolView.swift; sourceTree = "<group>"; };
		0D95BD1B2A027A3100507471 /* DependencyBuilder.swift */ = {isa = PBXFileReference; lastKnownFileType = sourcecode.swift; path = DependencyBuilder.swift; sourceTree = "<group>"; };
		0DC3A37C29FFF41200AF5882 /* GoogleService-Info.plist */ = {isa = PBXFileReference; fileEncoding = 4; lastKnownFileType = text.plist.xml; path = "GoogleService-Info.plist"; sourceTree = "<group>"; };
		0DC3A38329FFF62000AF5882 /* AppDelegate.swift */ = {isa = PBXFileReference; lastKnownFileType = sourcecode.swift; path = AppDelegate.swift; sourceTree = "<group>"; };
		0DC3A3892A01319A00AF5882 /* DataProvider.swift */ = {isa = PBXFileReference; lastKnownFileType = sourcecode.swift; path = DataProvider.swift; sourceTree = "<group>"; };
		0DC3A38C2A0131DF00AF5882 /* SymbolsCategory.swift */ = {isa = PBXFileReference; lastKnownFileType = sourcecode.swift; path = SymbolsCategory.swift; sourceTree = "<group>"; };
		0DC3A38E2A01321900AF5882 /* AppConfigProvider.swift */ = {isa = PBXFileReference; lastKnownFileType = sourcecode.swift; path = AppConfigProvider.swift; sourceTree = "<group>"; };
		0DC3A3912A0135AE00AF5882 /* EnvironmentValues.swift */ = {isa = PBXFileReference; lastKnownFileType = sourcecode.swift; path = EnvironmentValues.swift; sourceTree = "<group>"; };
		0DDB91212858DE860029FCED /* SymbolDetailsView.swift */ = {isa = PBXFileReference; lastKnownFileType = sourcecode.swift; path = SymbolDetailsView.swift; sourceTree = "<group>"; };
		0DDB91232859E8480029FCED /* SymbolDetailsViewL.swift */ = {isa = PBXFileReference; lastKnownFileType = sourcecode.swift; path = SymbolDetailsViewL.swift; sourceTree = "<group>"; };
		0DDB9127285A18170029FCED /* SFSymbolsAll.json */ = {isa = PBXFileReference; fileEncoding = 4; lastKnownFileType = text.json; path = SFSymbolsAll.json; sourceTree = "<group>"; };
		809C79322EAAD70A00CB489A /* SemanticSearchEngine.swift */ = {isa = PBXFileReference; lastKnownFileType = sourcecode.swift; path = SemanticSearchEngine.swift; sourceTree = "<group>"; };
		80B158392E8BC93E00863FBF /* import.json */ = {isa = PBXFileReference; lastKnownFileType = text.json; path = import.json; sourceTree = "<group>"; };
		C845D0432885687A00ABB5DF /* SanFranSymsTests.xctest */ = {isa = PBXFileReference; explicitFileType = wrapper.cfbundle; includeInIndex = 0; path = SanFranSymsTests.xctest; sourceTree = BUILT_PRODUCTS_DIR; };
		C845D0452885687A00ABB5DF /* SanFranSymsTests.swift */ = {isa = PBXFileReference; lastKnownFileType = sourcecode.swift; path = SanFranSymsTests.swift; sourceTree = "<group>"; };
		C845D0502885795300ABB5DF /* SanFranSymsUITests.xctest */ = {isa = PBXFileReference; explicitFileType = wrapper.cfbundle; includeInIndex = 0; path = SanFranSymsUITests.xctest; sourceTree = BUILT_PRODUCTS_DIR; };
		C845D0522885795300ABB5DF /* SanFranSymsUITests.swift */ = {isa = PBXFileReference; lastKnownFileType = sourcecode.swift; path = SanFranSymsUITests.swift; sourceTree = "<group>"; };
		C845D0542885795400ABB5DF /* SanFranSymsUITestsLaunchTests.swift */ = {isa = PBXFileReference; lastKnownFileType = sourcecode.swift; path = SanFranSymsUITestsLaunchTests.swift; sourceTree = "<group>"; };
/* End PBXFileReference section */

/* Begin PBXFrameworksBuildPhase section */
		0D016BBB28572B3D007BEED9 /* Frameworks */ = {
			isa = PBXFrameworksBuildPhase;
			buildActionMask = 2147483647;
			files = (
				80B158362E8B346400863FBF /* FirebaseRemoteConfig in Frameworks */,
				80B158322E8B33E000863FBF /* FirebaseAnalytics in Frameworks */,
				80B158342E8B33E000863FBF /* FirebaseCrashlytics in Frameworks */,
			);
			runOnlyForDeploymentPostprocessing = 0;
		};
		C845D0402885687A00ABB5DF /* Frameworks */ = {
			isa = PBXFrameworksBuildPhase;
			buildActionMask = 2147483647;
			files = (
			);
			runOnlyForDeploymentPostprocessing = 0;
		};
		C845D04D2885795300ABB5DF /* Frameworks */ = {
			isa = PBXFrameworksBuildPhase;
			buildActionMask = 2147483647;
			files = (
			);
			runOnlyForDeploymentPostprocessing = 0;
		};
/* End PBXFrameworksBuildPhase section */

/* Begin PBXGroup section */
		0D016BB528572B3D007BEED9 = {
			isa = PBXGroup;
			children = (
				0D016BE22857B94E007BEED9 /* Data */,
				0D016BC028572B3D007BEED9 /* SanFranSyms */,
				C845D0442885687A00ABB5DF /* SanFranSymsTests */,
				C845D0512885795300ABB5DF /* SanFranSymsUITests */,
				0D016BBF28572B3D007BEED9 /* Products */,
				0DC3A3852A004DA700AF5882 /* Frameworks */,
			);
			sourceTree = "<group>";
		};
		0D016BBF28572B3D007BEED9 /* Products */ = {
			isa = PBXGroup;
			children = (
				0D016BBE28572B3D007BEED9 /* SanFranSyms.app */,
				C845D0432885687A00ABB5DF /* SanFranSymsTests.xctest */,
				C845D0502885795300ABB5DF /* SanFranSymsUITests.xctest */,
			);
			name = Products;
			sourceTree = "<group>";
		};
		0D016BC028572B3D007BEED9 /* SanFranSyms */ = {
			isa = PBXGroup;
			children = (
				0DC3A37C29FFF41200AF5882 /* GoogleService-Info.plist */,
				0DC3A3902A0133C000AF5882 /* App */,
				0D18FAE7285BA89A0044026D /* Views */,
				0DC3A38B2A0131CC00AF5882 /* Entities */,
				0DC3A3882A01316D00AF5882 /* DataSources */,
				0D016BC528572B3F007BEED9 /* Assets.xcassets */,
				0D016BC728572B3F007BEED9 /* Preview Content */,
			);
			path = SanFranSyms;
			sourceTree = "<group>";
		};
		0D016BC728572B3F007BEED9 /* Preview Content */ = {
			isa = PBXGroup;
			children = (
				0D016BC828572B3F007BEED9 /* Preview Assets.xcassets */,
			);
			path = "Preview Content";
			sourceTree = "<group>";
		};
		0D016BE22857B94E007BEED9 /* Data */ = {
			isa = PBXGroup;
			children = (
				0DDB9127285A18170029FCED /* SFSymbolsAll.json */,
				80B158392E8BC93E00863FBF /* import.json */,
			);
			path = Data;
			sourceTree = "<group>";
		};
		0D18FAE7285BA89A0044026D /* Views */ = {
			isa = PBXGroup;
			children = (
				0D016BC328572B3D007BEED9 /* SymbolsListView.swift */,
				0DDB91212858DE860029FCED /* SymbolDetailsView.swift */,
				0DDB91232859E8480029FCED /* SymbolDetailsViewL.swift */,
				0D016BE72858749E007BEED9 /* SymbolGridCell.swift */,
				0D016BE92858763F007BEED9 /* SymbolsCategoriesView.swift */,
				0D18FAE8285BA8C00044026D /* ShareSymbolView.swift */,
			);
			path = Views;
			sourceTree = "<group>";
		};
		0DC3A3852A004DA700AF5882 /* Frameworks */ = {
			isa = PBXGroup;
			children = (
			);
			name = Frameworks;
			sourceTree = "<group>";
		};
		0DC3A3882A01316D00AF5882 /* DataSources */ = {
			isa = PBXGroup;
			children = (
				0D016BE52857BB5C007BEED9 /* StorageService.swift */,
				0DC3A38E2A01321900AF5882 /* AppConfigProvider.swift */,
				0DC3A3892A01319A00AF5882 /* DataProvider.swift */,
				809C79322EAAD70A00CB489A /* SemanticSearchEngine.swift */,
			);
			path = DataSources;
			sourceTree = "<group>";
		};
		0DC3A38B2A0131CC00AF5882 /* Entities */ = {
			isa = PBXGroup;
			children = (
				0DC3A38C2A0131DF00AF5882 /* SymbolsCategory.swift */,
			);
			path = Entities;
			sourceTree = "<group>";
		};
		0DC3A3902A0133C000AF5882 /* App */ = {
			isa = PBXGroup;
			children = (
				0D016BC128572B3D007BEED9 /* SanFranSymsApp.swift */,
				0DC3A38329FFF62000AF5882 /* AppDelegate.swift */,
				0DC3A3912A0135AE00AF5882 /* EnvironmentValues.swift */,
				0D95BD1B2A027A3100507471 /* DependencyBuilder.swift */,
			);
			path = App;
			sourceTree = "<group>";
		};
		C845D0442885687A00ABB5DF /* SanFranSymsTests */ = {
			isa = PBXGroup;
			children = (
				C845D0452885687A00ABB5DF /* SanFranSymsTests.swift */,
			);
			path = SanFranSymsTests;
			sourceTree = "<group>";
		};
		C845D0512885795300ABB5DF /* SanFranSymsUITests */ = {
			isa = PBXGroup;
			children = (
				C845D0522885795300ABB5DF /* SanFranSymsUITests.swift */,
				C845D0542885795400ABB5DF /* SanFranSymsUITestsLaunchTests.swift */,
			);
			path = SanFranSymsUITests;
			sourceTree = "<group>";
		};
/* End PBXGroup section */

/* Begin PBXNativeTarget section */
		0D016BBD28572B3D007BEED9 /* SanFranSyms */ = {
			isa = PBXNativeTarget;
			buildConfigurationList = 0D016BCC28572B3F007BEED9 /* Build configuration list for PBXNativeTarget "SanFranSyms" */;
			buildPhases = (
				0D016BBA28572B3D007BEED9 /* Sources */,
				0D016BBB28572B3D007BEED9 /* Frameworks */,
				0D016BBC28572B3D007BEED9 /* Resources */,
			);
			buildRules = (
			);
			dependencies = (
			);
			name = SanFranSyms;
			packageProductDependencies = (
				80B158312E8B33E000863FBF /* FirebaseAnalytics */,
				80B158332E8B33E000863FBF /* FirebaseCrashlytics */,
				80B158352E8B346400863FBF /* FirebaseRemoteConfig */,
			);
			productName = SanFranSyms;
			productReference = 0D016BBE28572B3D007BEED9 /* SanFranSyms.app */;
			productType = "com.apple.product-type.application";
		};
		C845D0422885687A00ABB5DF /* SanFranSymsTests */ = {
			isa = PBXNativeTarget;
			buildConfigurationList = C845D0492885687A00ABB5DF /* Build configuration list for PBXNativeTarget "SanFranSymsTests" */;
			buildPhases = (
				C845D03F2885687A00ABB5DF /* Sources */,
				C845D0402885687A00ABB5DF /* Frameworks */,
				C845D0412885687A00ABB5DF /* Resources */,
			);
			buildRules = (
			);
			dependencies = (
				C845D0482885687A00ABB5DF /* PBXTargetDependency */,
			);
			name = SanFranSymsTests;
			productName = SanFranSymsTests;
			productReference = C845D0432885687A00ABB5DF /* SanFranSymsTests.xctest */;
			productType = "com.apple.product-type.bundle.unit-test";
		};
		C845D04F2885795300ABB5DF /* SanFranSymsUITests */ = {
			isa = PBXNativeTarget;
			buildConfigurationList = C845D0582885795400ABB5DF /* Build configuration list for PBXNativeTarget "SanFranSymsUITests" */;
			buildPhases = (
				C845D04C2885795300ABB5DF /* Sources */,
				C845D04D2885795300ABB5DF /* Frameworks */,
				C845D04E2885795300ABB5DF /* Resources */,
			);
			buildRules = (
			);
			dependencies = (
				C845D0572885795400ABB5DF /* PBXTargetDependency */,
			);
			name = SanFranSymsUITests;
			productName = SanFranSymsUITests;
			productReference = C845D0502885795300ABB5DF /* SanFranSymsUITests.xctest */;
			productType = "com.apple.product-type.bundle.ui-testing";
		};
/* End PBXNativeTarget section */

/* Begin PBXProject section */
		0D016BB628572B3D007BEED9 /* Project object */ = {
			isa = PBXProject;
			attributes = {
				BuildIndependentTargetsInParallel = 1;
				LastSwiftUpdateCheck = 1340;
				LastUpgradeCheck = 1330;
				TargetAttributes = {
					0D016BBD28572B3D007BEED9 = {
						CreatedOnToolsVersion = 13.3;
					};
					C845D0422885687A00ABB5DF = {
						CreatedOnToolsVersion = 13.4.1;
						TestTargetID = 0D016BBD28572B3D007BEED9;
					};
					C845D04F2885795300ABB5DF = {
						CreatedOnToolsVersion = 13.4.1;
						TestTargetID = 0D016BBD28572B3D007BEED9;
					};
				};
			};
			buildConfigurationList = 0D016BB928572B3D007BEED9 /* Build configuration list for PBXProject "SanFranSyms" */;
			compatibilityVersion = "Xcode 13.0";
			developmentRegion = en;
			hasScannedForEncodings = 0;
			knownRegions = (
				en,
				Base,
			);
			mainGroup = 0D016BB528572B3D007BEED9;
			packageReferences = (
				80B158302E8B33E000863FBF /* XCRemoteSwiftPackageReference "firebase-ios-sdk" */,
			);
			productRefGroup = 0D016BBF28572B3D007BEED9 /* Products */;
			projectDirPath = "";
			projectRoot = "";
			targets = (
				0D016BBD28572B3D007BEED9 /* SanFranSyms */,
				C845D0422885687A00ABB5DF /* SanFranSymsTests */,
				C845D04F2885795300ABB5DF /* SanFranSymsUITests */,
			);
		};
/* End PBXProject section */

/* Begin PBXResourcesBuildPhase section */
		0D016BBC28572B3D007BEED9 /* Resources */ = {
			isa = PBXResourcesBuildPhase;
			buildActionMask = 2147483647;
			files = (
				80B1583A2E8BC93E00863FBF /* import.json in Resources */,
				0D016BC928572B3F007BEED9 /* Preview Assets.xcassets in Resources */,
				0DC3A37D29FFF41200AF5882 /* GoogleService-Info.plist in Resources */,
				0DDB9128285A18170029FCED /* SFSymbolsAll.json in Resources */,
				0D016BC628572B3F007BEED9 /* Assets.xcassets in Resources */,
			);
			runOnlyForDeploymentPostprocessing = 0;
		};
		C845D0412885687A00ABB5DF /* Resources */ = {
			isa = PBXResourcesBuildPhase;
			buildActionMask = 2147483647;
			files = (
			);
			runOnlyForDeploymentPostprocessing = 0;
		};
		C845D04E2885795300ABB5DF /* Resources */ = {
			isa = PBXResourcesBuildPhase;
			buildActionMask = 2147483647;
			files = (
			);
			runOnlyForDeploymentPostprocessing = 0;
		};
/* End PBXResourcesBuildPhase section */

/* Begin PBXSourcesBuildPhase section */
		0D016BBA28572B3D007BEED9 /* Sources */ = {
			isa = PBXSourcesBuildPhase;
			buildActionMask = 2147483647;
			files = (
				0D016BC428572B3D007BEED9 /* SymbolsListView.swift in Sources */,
				0D016BC228572B3D007BEED9 /* SanFranSymsApp.swift in Sources */,
				0DC3A38A2A01319A00AF5882 /* DataProvider.swift in Sources */,
				0D016BEA2858763F007BEED9 /* SymbolsCategoriesView.swift in Sources */,
				0DC3A38429FFF62000AF5882 /* AppDelegate.swift in Sources */,
				0DDB91242859E8480029FCED /* SymbolDetailsViewL.swift in Sources */,
				0D18FAE9285BA8C00044026D /* ShareSymbolView.swift in Sources */,
				0DDB91222858DE860029FCED /* SymbolDetailsView.swift in Sources */,
				809C79332EAAD70A00CB489A /* SemanticSearchEngine.swift in Sources */,
				0D95BD1C2A027A3100507471 /* DependencyBuilder.swift in Sources */,
				0D016BE62857BB5C007BEED9 /* StorageService.swift in Sources */,
				0DC3A3922A0135AE00AF5882 /* EnvironmentValues.swift in Sources */,
				0DC3A38F2A01321900AF5882 /* AppConfigProvider.swift in Sources */,
				0DC3A38D2A0131DF00AF5882 /* SymbolsCategory.swift in Sources */,
				0D016BE82858749E007BEED9 /* SymbolGridCell.swift in Sources */,
			);
			runOnlyForDeploymentPostprocessing = 0;
		};
		C845D03F2885687A00ABB5DF /* Sources */ = {
			isa = PBXSourcesBuildPhase;
			buildActionMask = 2147483647;
			files = (
				C845D0462885687A00ABB5DF /* SanFranSymsTests.swift in Sources */,
			);
			runOnlyForDeploymentPostprocessing = 0;
		};
		C845D04C2885795300ABB5DF /* Sources */ = {
			isa = PBXSourcesBuildPhase;
			buildActionMask = 2147483647;
			files = (
				C845D0552885795400ABB5DF /* SanFranSymsUITestsLaunchTests.swift in Sources */,
				C845D0532885795300ABB5DF /* SanFranSymsUITests.swift in Sources */,
			);
			runOnlyForDeploymentPostprocessing = 0;
		};
/* End PBXSourcesBuildPhase section */

/* Begin PBXTargetDependency section */
		C845D0482885687A00ABB5DF /* PBXTargetDependency */ = {
			isa = PBXTargetDependency;
			target = 0D016BBD28572B3D007BEED9 /* SanFranSyms */;
			targetProxy = C845D0472885687A00ABB5DF /* PBXContainerItemProxy */;
		};
		C845D0572885795400ABB5DF /* PBXTargetDependency */ = {
			isa = PBXTargetDependency;
			target = 0D016BBD28572B3D007BEED9 /* SanFranSyms */;
			targetProxy = C845D0562885795400ABB5DF /* PBXContainerItemProxy */;
		};
/* End PBXTargetDependency section */

/* Begin XCBuildConfiguration section */
		0D016BCA28572B3F007BEED9 /* Debug */ = {
			isa = XCBuildConfiguration;
			buildSettings = {
				ALWAYS_SEARCH_USER_PATHS = NO;
				CLANG_ANALYZER_NONNULL = YES;
				CLANG_ANALYZER_NUMBER_OBJECT_CONVERSION = YES_AGGRESSIVE;
				CLANG_CXX_LANGUAGE_STANDARD = "gnu++17";
				CLANG_ENABLE_MODULES = YES;
				CLANG_ENABLE_OBJC_ARC = YES;
				CLANG_ENABLE_OBJC_WEAK = YES;
				CLANG_WARN_BLOCK_CAPTURE_AUTORELEASING = YES;
				CLANG_WARN_BOOL_CONVERSION = YES;
				CLANG_WARN_COMMA = YES;
				CLANG_WARN_CONSTANT_CONVERSION = YES;
				CLANG_WARN_DEPRECATED_OBJC_IMPLEMENTATIONS = YES;
				CLANG_WARN_DIRECT_OBJC_ISA_USAGE = YES_ERROR;
				CLANG_WARN_DOCUMENTATION_COMMENTS = YES;
				CLANG_WARN_EMPTY_BODY = YES;
				CLANG_WARN_ENUM_CONVERSION = YES;
				CLANG_WARN_INFINITE_RECURSION = YES;
				CLANG_WARN_INT_CONVERSION = YES;
				CLANG_WARN_NON_LITERAL_NULL_CONVERSION = YES;
				CLANG_WARN_OBJC_IMPLICIT_RETAIN_SELF = YES;
				CLANG_WARN_OBJC_LITERAL_CONVERSION = YES;
				CLANG_WARN_OBJC_ROOT_CLASS = YES_ERROR;
				CLANG_WARN_QUOTED_INCLUDE_IN_FRAMEWORK_HEADER = YES;
				CLANG_WARN_RANGE_LOOP_ANALYSIS = YES;
				CLANG_WARN_STRICT_PROTOTYPES = YES;
				CLANG_WARN_SUSPICIOUS_MOVE = YES;
				CLANG_WARN_UNGUARDED_AVAILABILITY = YES_AGGRESSIVE;
				CLANG_WARN_UNREACHABLE_CODE = YES;
				CLANG_WARN__DUPLICATE_METHOD_MATCH = YES;
				COPY_PHASE_STRIP = NO;
				DEBUG_INFORMATION_FORMAT = dwarf;
				ENABLE_STRICT_OBJC_MSGSEND = YES;
				ENABLE_TESTABILITY = YES;
				GCC_C_LANGUAGE_STANDARD = gnu11;
				GCC_DYNAMIC_NO_PIC = NO;
				GCC_NO_COMMON_BLOCKS = YES;
				GCC_OPTIMIZATION_LEVEL = 0;
				GCC_PREPROCESSOR_DEFINITIONS = (
					"DEBUG=1",
					"$(inherited)",
				);
				GCC_WARN_64_TO_32_BIT_CONVERSION = YES;
				GCC_WARN_ABOUT_RETURN_TYPE = YES_ERROR;
				GCC_WARN_UNDECLARED_SELECTOR = YES;
				GCC_WARN_UNINITIALIZED_AUTOS = YES_AGGRESSIVE;
				GCC_WARN_UNUSED_FUNCTION = YES;
				GCC_WARN_UNUSED_VARIABLE = YES;
				IPHONEOS_DEPLOYMENT_TARGET = 15.0;
				MTL_ENABLE_DEBUG_INFO = INCLUDE_SOURCE;
				MTL_FAST_MATH = YES;
				ONLY_ACTIVE_ARCH = YES;
				SDKROOT = iphoneos;
				SWIFT_ACTIVE_COMPILATION_CONDITIONS = DEBUG;
				SWIFT_OPTIMIZATION_LEVEL = "-Onone";
			};
			name = Debug;
		};
		0D016BCB28572B3F007BEED9 /* Release */ = {
			isa = XCBuildConfiguration;
			buildSettings = {
				ALWAYS_SEARCH_USER_PATHS = NO;
				CLANG_ANALYZER_NONNULL = YES;
				CLANG_ANALYZER_NUMBER_OBJECT_CONVERSION = YES_AGGRESSIVE;
				CLANG_CXX_LANGUAGE_STANDARD = "gnu++17";
				CLANG_ENABLE_MODULES = YES;
				CLANG_ENABLE_OBJC_ARC = YES;
				CLANG_ENABLE_OBJC_WEAK = YES;
				CLANG_WARN_BLOCK_CAPTURE_AUTORELEASING = YES;
				CLANG_WARN_BOOL_CONVERSION = YES;
				CLANG_WARN_COMMA = YES;
				CLANG_WARN_CONSTANT_CONVERSION = YES;
				CLANG_WARN_DEPRECATED_OBJC_IMPLEMENTATIONS = YES;
				CLANG_WARN_DIRECT_OBJC_ISA_USAGE = YES_ERROR;
				CLANG_WARN_DOCUMENTATION_COMMENTS = YES;
				CLANG_WARN_EMPTY_BODY = YES;
				CLANG_WARN_ENUM_CONVERSION = YES;
				CLANG_WARN_INFINITE_RECURSION = YES;
				CLANG_WARN_INT_CONVERSION = YES;
				CLANG_WARN_NON_LITERAL_NULL_CONVERSION = YES;
				CLANG_WARN_OBJC_IMPLICIT_RETAIN_SELF = YES;
				CLANG_WARN_OBJC_LITERAL_CONVERSION = YES;
				CLANG_WARN_OBJC_ROOT_CLASS = YES_ERROR;
				CLANG_WARN_QUOTED_INCLUDE_IN_FRAMEWORK_HEADER = YES;
				CLANG_WARN_RANGE_LOOP_ANALYSIS = YES;
				CLANG_WARN_STRICT_PROTOTYPES = YES;
				CLANG_WARN_SUSPICIOUS_MOVE = YES;
				CLANG_WARN_UNGUARDED_AVAILABILITY = YES_AGGRESSIVE;
				CLANG_WARN_UNREACHABLE_CODE = YES;
				CLANG_WARN__DUPLICATE_METHOD_MATCH = YES;
				COPY_PHASE_STRIP = NO;
				DEBUG_INFORMATION_FORMAT = "dwarf-with-dsym";
				ENABLE_NS_ASSERTIONS = NO;
				ENABLE_STRICT_OBJC_MSGSEND = YES;
				GCC_C_LANGUAGE_STANDARD = gnu11;
				GCC_NO_COMMON_BLOCKS = YES;
				GCC_WARN_64_TO_32_BIT_CONVERSION = YES;
				GCC_WARN_ABOUT_RETURN_TYPE = YES_ERROR;
				GCC_WARN_UNDECLARED_SELECTOR = YES;
				GCC_WARN_UNINITIALIZED_AUTOS = YES_AGGRESSIVE;
				GCC_WARN_UNUSED_FUNCTION = YES;
				GCC_WARN_UNUSED_VARIABLE = YES;
				IPHONEOS_DEPLOYMENT_TARGET = 15.0;
				MTL_ENABLE_DEBUG_INFO = NO;
				MTL_FAST_MATH = YES;
				SDKROOT = iphoneos;
				SWIFT_COMPILATION_MODE = wholemodule;
				SWIFT_OPTIMIZATION_LEVEL = "-O";
				VALIDATE_PRODUCT = YES;
			};
			name = Release;
		};
		0D016BCD28572B3F007BEED9 /* Debug */ = {
			isa = XCBuildConfiguration;
			buildSettings = {
				ASSETCATALOG_COMPILER_APPICON_NAME = AppIcon;
				ASSETCATALOG_COMPILER_GLOBAL_ACCENT_COLOR_NAME = AccentColor;
				CODE_SIGN_STYLE = Automatic;
				CURRENT_PROJECT_VERSION = 5;
				DEVELOPMENT_ASSET_PATHS = "\"SanFranSyms/Preview Content\"";
				DEVELOPMENT_TEAM = L2HG8KUPMF;
				ENABLE_PREVIEWS = YES;
				GENERATE_INFOPLIST_FILE = YES;
				INFOPLIST_KEY_CFBundleDisplayName = SanFranSyms;
				INFOPLIST_KEY_LSApplicationCategoryType = "public.app-category.developer-tools";
				INFOPLIST_KEY_NSPhotoLibraryAddUsageDescription = "Aplpication need access to photo library in order to save images";
				INFOPLIST_KEY_UIApplicationSceneManifest_Generation = YES;
				INFOPLIST_KEY_UIApplicationSupportsIndirectInputEvents = YES;
				INFOPLIST_KEY_UILaunchScreen_Generation = YES;
				INFOPLIST_KEY_UISupportedInterfaceOrientations_iPad = "UIInterfaceOrientationPortrait UIInterfaceOrientationPortraitUpsideDown UIInterfaceOrientationLandscapeLeft UIInterfaceOrientationLandscapeRight";
				INFOPLIST_KEY_UISupportedInterfaceOrientations_iPhone = "UIInterfaceOrientationPortrait UIInterfaceOrientationLandscapeLeft UIInterfaceOrientationLandscapeRight";
				IPHONEOS_DEPLOYMENT_TARGET = 26.0;
				LD_RUNPATH_SEARCH_PATHS = (
					"$(inherited)",
					"@executable_path/Frameworks",
				);
				MARKETING_VERSION = 1.4;
				PRODUCT_BUNDLE_IDENTIFIER = com.vadzimzhuk.SanFranSyms;
				PRODUCT_NAME = "$(TARGET_NAME)";
				SWIFT_EMIT_LOC_STRINGS = YES;
				SWIFT_VERSION = 5.0;
				TARGETED_DEVICE_FAMILY = "1,2";
			};
			name = Debug;
		};
		0D016BCE28572B3F007BEED9 /* Release */ = {
			isa = XCBuildConfiguration;
			buildSettings = {
				ASSETCATALOG_COMPILER_APPICON_NAME = AppIcon;
				ASSETCATALOG_COMPILER_GLOBAL_ACCENT_COLOR_NAME = AccentColor;
				CODE_SIGN_STYLE = Automatic;
				CURRENT_PROJECT_VERSION = 5;
				DEVELOPMENT_ASSET_PATHS = "\"SanFranSyms/Preview Content\"";
				DEVELOPMENT_TEAM = L2HG8KUPMF;
				ENABLE_PREVIEWS = YES;
				GENERATE_INFOPLIST_FILE = YES;
				INFOPLIST_KEY_CFBundleDisplayName = SanFranSyms;
				INFOPLIST_KEY_LSApplicationCategoryType = "public.app-category.developer-tools";
				INFOPLIST_KEY_NSPhotoLibraryAddUsageDescription = "Aplpication need access to photo library in order to save images";
				INFOPLIST_KEY_UIApplicationSceneManifest_Generation = YES;
				INFOPLIST_KEY_UIApplicationSupportsIndirectInputEvents = YES;
				INFOPLIST_KEY_UILaunchScreen_Generation = YES;
				INFOPLIST_KEY_UISupportedInterfaceOrientations_iPad = "UIInterfaceOrientationPortrait UIInterfaceOrientationPortraitUpsideDown UIInterfaceOrientationLandscapeLeft UIInterfaceOrientationLandscapeRight";
				INFOPLIST_KEY_UISupportedInterfaceOrientations_iPhone = "UIInterfaceOrientationPortrait UIInterfaceOrientationLandscapeLeft UIInterfaceOrientationLandscapeRight";
				IPHONEOS_DEPLOYMENT_TARGET = 26.0;
				LD_RUNPATH_SEARCH_PATHS = (
					"$(inherited)",
					"@executable_path/Frameworks",
				);
				MARKETING_VERSION = 1.4;
				PRODUCT_BUNDLE_IDENTIFIER = com.vadzimzhuk.SanFranSyms;
				PRODUCT_NAME = "$(TARGET_NAME)";
				SWIFT_EMIT_LOC_STRINGS = YES;
				SWIFT_VERSION = 5.0;
				TARGETED_DEVICE_FAMILY = "1,2";
			};
			name = Release;
		};
		C845D04A2885687A00ABB5DF /* Debug */ = {
			isa = XCBuildConfiguration;
			buildSettings = {
				BUNDLE_LOADER = "$(TEST_HOST)";
				CODE_SIGN_STYLE = Automatic;
				CURRENT_PROJECT_VERSION = 1;
				DEVELOPMENT_TEAM = L2HG8KUPMF;
				GENERATE_INFOPLIST_FILE = YES;
				IPHONEOS_DEPLOYMENT_TARGET = 26.0;
				MARKETING_VERSION = 1.0;
				PRODUCT_BUNDLE_IDENTIFIER = com.vadzimzhuk.SanFranSymsTests;
				PRODUCT_NAME = "$(TARGET_NAME)";
				SWIFT_EMIT_LOC_STRINGS = NO;
				SWIFT_VERSION = 5.0;
				TARGETED_DEVICE_FAMILY = "1,2";
				TEST_HOST = "$(BUILT_PRODUCTS_DIR)/SanFranSyms.app/SanFranSyms";
			};
			name = Debug;
		};
		C845D04B2885687A00ABB5DF /* Release */ = {
			isa = XCBuildConfiguration;
			buildSettings = {
				BUNDLE_LOADER = "$(TEST_HOST)";
				CODE_SIGN_STYLE = Automatic;
				CURRENT_PROJECT_VERSION = 1;
				DEVELOPMENT_TEAM = L2HG8KUPMF;
				GENERATE_INFOPLIST_FILE = YES;
				IPHONEOS_DEPLOYMENT_TARGET = 26.0;
				MARKETING_VERSION = 1.0;
				PRODUCT_BUNDLE_IDENTIFIER = com.vadzimzhuk.SanFranSymsTests;
				PRODUCT_NAME = "$(TARGET_NAME)";
				SWIFT_EMIT_LOC_STRINGS = NO;
				SWIFT_VERSION = 5.0;
				TARGETED_DEVICE_FAMILY = "1,2";
				TEST_HOST = "$(BUILT_PRODUCTS_DIR)/SanFranSyms.app/SanFranSyms";
			};
			name = Release;
		};
		C845D0592885795400ABB5DF /* Debug */ = {
			isa = XCBuildConfiguration;
			buildSettings = {
				CODE_SIGN_STYLE = Automatic;
				CURRENT_PROJECT_VERSION = 1;
				DEVELOPMENT_TEAM = L2HG8KUPMF;
				GENERATE_INFOPLIST_FILE = YES;
				IPHONEOS_DEPLOYMENT_TARGET = 26.0;
				MARKETING_VERSION = 1.0;
				PRODUCT_BUNDLE_IDENTIFIER = com.vadzimzhuk.SanFranSymsUITests;
				PRODUCT_NAME = "$(TARGET_NAME)";
				SWIFT_EMIT_LOC_STRINGS = NO;
				SWIFT_VERSION = 5.0;
				TARGETED_DEVICE_FAMILY = "1,2";
				TEST_TARGET_NAME = SanFranSyms;
			};
			name = Debug;
		};
		C845D05A2885795400ABB5DF /* Release */ = {
			isa = XCBuildConfiguration;
			buildSettings = {
				CODE_SIGN_STYLE = Automatic;
				CURRENT_PROJECT_VERSION = 1;
				DEVELOPMENT_TEAM = L2HG8KUPMF;
				GENERATE_INFOPLIST_FILE = YES;
				IPHONEOS_DEPLOYMENT_TARGET = 26.0;
				MARKETING_VERSION = 1.0;
				PRODUCT_BUNDLE_IDENTIFIER = com.vadzimzhuk.SanFranSymsUITests;
				PRODUCT_NAME = "$(TARGET_NAME)";
				SWIFT_EMIT_LOC_STRINGS = NO;
				SWIFT_VERSION = 5.0;
				TARGETED_DEVICE_FAMILY = "1,2";
				TEST_TARGET_NAME = SanFranSyms;
			};
			name = Release;
		};
/* End XCBuildConfiguration section */

/* Begin XCConfigurationList section */
		0D016BB928572B3D007BEED9 /* Build configuration list for PBXProject "SanFranSyms" */ = {
			isa = XCConfigurationList;
			buildConfigurations = (
				0D016BCA28572B3F007BEED9 /* Debug */,
				0D016BCB28572B3F007BEED9 /* Release */,
			);
			defaultConfigurationIsVisible = 0;
			defaultConfigurationName = Release;
		};
		0D016BCC28572B3F007BEED9 /* Build configuration list for PBXNativeTarget "SanFranSyms" */ = {
			isa = XCConfigurationList;
			buildConfigurations = (
				0D016BCD28572B3F007BEED9 /* Debug */,
				0D016BCE28572B3F007BEED9 /* Release */,
			);
			defaultConfigurationIsVisible = 0;
			defaultConfigurationName = Release;
		};
		C845D0492885687A00ABB5DF /* Build configuration list for PBXNativeTarget "SanFranSymsTests" */ = {
			isa = XCConfigurationList;
			buildConfigurations = (
				C845D04A2885687A00ABB5DF /* Debug */,
				C845D04B2885687A00ABB5DF /* Release */,
			);
			defaultConfigurationIsVisible = 0;
			defaultConfigurationName = Release;
		};
		C845D0582885795400ABB5DF /* Build configuration list for PBXNativeTarget "SanFranSymsUITests" */ = {
			isa = XCConfigurationList;
			buildConfigurations = (
				C845D0592885795400ABB5DF /* Debug */,
				C845D05A2885795400ABB5DF /* Release */,
			);
			defaultConfigurationIsVisible = 0;
			defaultConfigurationName = Release;
		};
/* End XCConfigurationList section */

/* Begin XCRemoteSwiftPackageReference section */
		80B158302E8B33E000863FBF /* XCRemoteSwiftPackageReference "firebase-ios-sdk" */ = {
			isa = XCRemoteSwiftPackageReference;
			repositoryURL = "https://github.com/firebase/firebase-ios-sdk";
			requirement = {
				kind = upToNextMajorVersion;
				minimumVersion = 12.3.0;
			};
		};
/* End XCRemoteSwiftPackageReference section */

/* Begin XCSwiftPackageProductDependency section */
		80B158312E8B33E000863FBF /* FirebaseAnalytics */ = {
			isa = XCSwiftPackageProductDependency;
			package = 80B158302E8B33E000863FBF /* XCRemoteSwiftPackageReference "firebase-ios-sdk" */;
			productName = FirebaseAnalytics;
		};
		80B158332E8B33E000863FBF /* FirebaseCrashlytics */ = {
			isa = XCSwiftPackageProductDependency;
			package = 80B158302E8B33E000863FBF /* XCRemoteSwiftPackageReference "firebase-ios-sdk" */;
			productName = FirebaseCrashlytics;
		};
		80B158352E8B346400863FBF /* FirebaseRemoteConfig */ = {
			isa = XCSwiftPackageProductDependency;
			package = 80B158302E8B33E000863FBF /* XCRemoteSwiftPackageReference "firebase-ios-sdk" */;
			productName = FirebaseRemoteConfig;
		};
/* End XCSwiftPackageProductDependency section */
	};
	rootObject = 0D016BB628572B3D007BEED9 /* Project object */;
}
